
Microsoft Visual Studio Solution File, Format Version 12.00
# Visual Studio Version 16
VisualStudioVersion = 16.0.30330.147
MinimumVisualStudioVersion = 10.0.40219.1
Project("{FAE04EC0-301F-11D3-BF4B-00C04F79EFBC}") = "KusanagiBot", "KusanagiBot\KusanagiBot.csproj", "{0416661A-33BB-46BB-84D6-FCB6C2A1B412}"
EndProject
Global
	GlobalSection(SolutionConfigurationPlatforms) = preSolution
		Debug|Any CPU = Debug|Any CPU
		Release|Any CPU = Release|Any CPU
	EndGlobalSection
	GlobalSection(ProjectConfigurationPlatforms) = postSolution
		{0416661A-33BB-46BB-84D6-FCB6C2A1B412}.Debug|Any CPU.ActiveCfg = Debug|Any CPU
		{0416661A-33BB-46BB-84D6-FCB6C2A1B412}.Debug|Any CPU.Build.0 = Debug|Any CPU
		{0416661A-33BB-46BB-84D6-FCB6C2A1B412}.Release|Any CPU.ActiveCfg = Release|Any CPU
		{0416661A-33BB-46BB-84D6-FCB6C2A1B412}.Release|Any CPU.Build.0 = Release|Any CPU
	EndGlobalSection
	GlobalSection(SolutionProperties) = preSolution
		HideSolutionNode = FALSE
	EndGlobalSection
	GlobalSection(ExtensibilityGlobals) = postSolution
		SolutionGuid = {FC651116-AFCD-42C9-81D8-14DAC3BB42D8}
	EndGlobalSection
EndGlobal
